{
  "version": 4,
  "terraform_version": "0.12.24",
  "serial": 40,
  "lineage": "944bfc67-6c9f-623f-9ab5-bbb0ee3ff1ac",
  "outputs": {
    "frontend": {
      "value": "serverless-bucket20200527032220566900000001.s3-website-us-east-1.amazonaws.com",
      "type": "string"
    },
    "userPoolClientId": {
      "value": "2kthnc3qifbtg8rvqc7gheifta",
      "type": "string"
    },
    "userPoolId": {
      "value": "us-east-1_wSZz92MwW",
      "type": "string"
    }
  },
  "resources": [
    {
      "mode": "data",
      "type": "archive_file",
      "name": "lambda",
      "provider": "provider.archive",
      "instances": [
        {
          "schema_version": 0,
          "attributes": {
            "excludes": null,
            "id": "5f11bcf526150074e63c0a349110c85694169186",
            "output_base64sha256": "NQkS2Sw9LepW2MaZ2ashZVv1Yvo6N3f9HQD4vPIVr24=",
            "output_md5": "eac9548572eed05e237ddc3508ab406c",
            "output_path": "./../build/requestUnicorn.zip",
            "output_sha": "5f11bcf526150074e63c0a349110c85694169186",
            "output_size": 1689,
            "source": [],
            "source_content": null,
            "source_content_filename": null,
            "source_dir": null,
            "source_file": "./../WebApplication/3_ServerlessBackend/requestUnicorn.js",
            "type": "zip"
          }
        }
      ]
    },
    {
      "mode": "managed",
      "type": "aws_cognito_user_pool",
      "name": "pool",
      "provider": "provider.aws",
      "instances": [
        {
          "schema_version": 0,
          "attributes": {
            "admin_create_user_config": [
              {
                "allow_admin_create_user_only": false,
                "invite_message_template": [],
                "unused_account_validity_days": 7
              }
            ],
            "alias_attributes": null,
            "arn": "arn:aws:cognito-idp:us-east-1:251316246111:userpool/us-east-1_wSZz92MwW",
            "auto_verified_attributes": [],
            "creation_date": "2020-05-27T21:13:07Z",
            "device_configuration": [],
            "email_configuration": [
              {
                "email_sending_account": "COGNITO_DEFAULT",
                "from_email_address": "",
                "reply_to_email_address": "",
                "source_arn": ""
              }
            ],
            "email_verification_message": null,
            "email_verification_subject": null,
            "endpoint": "cognito-idp.us-east-1.amazonaws.com/us-east-1_wSZz92MwW",
            "id": "us-east-1_wSZz92MwW",
            "lambda_config": [],
            "last_modified_date": "2020-05-27T21:24:23Z",
            "mfa_configuration": "OFF",
            "name": "serverless-hands-on",
            "password_policy": [
              {
                "minimum_length": 6,
                "require_lowercase": false,
                "require_numbers": false,
                "require_symbols": false,
                "require_uppercase": false,
                "temporary_password_validity_days": 7
              }
            ],
            "schema": [],
            "sms_authentication_message": null,
            "sms_configuration": [],
            "sms_verification_message": null,
            "software_token_mfa_configuration": [],
            "tags": {},
            "user_pool_add_ons": [],
            "username_attributes": null,
            "username_configuration": [],
            "verification_message_template": [
              {
                "default_email_option": "CONFIRM_WITH_CODE",
                "email_message": "",
                "email_message_by_link": "",
                "email_subject": "",
                "email_subject_by_link": "",
                "sms_message": ""
              }
            ]
          },
          "private": "bnVsbA=="
        }
      ]
    },
    {
      "mode": "managed",
      "type": "aws_cognito_user_pool_client",
      "name": "client",
      "provider": "provider.aws",
      "instances": [
        {
          "schema_version": 0,
          "attributes": {
            "allowed_oauth_flows": [],
            "allowed_oauth_flows_user_pool_client": false,
            "allowed_oauth_scopes": [],
            "analytics_configuration": [],
            "callback_urls": [],
            "client_secret": "",
            "default_redirect_uri": "",
            "explicit_auth_flows": [],
            "generate_secret": null,
            "id": "2kthnc3qifbtg8rvqc7gheifta",
            "logout_urls": [],
            "name": "WildRydesWebApp",
            "prevent_user_existence_errors": "",
            "read_attributes": [],
            "refresh_token_validity": 30,
            "supported_identity_providers": [],
            "user_pool_id": "us-east-1_wSZz92MwW",
            "write_attributes": []
          },
          "private": "bnVsbA==",
          "dependencies": [
            "aws_cognito_user_pool.pool"
          ]
        }
      ]
    },
    {
      "mode": "managed",
      "type": "aws_dynamodb_table",
      "name": "db",
      "provider": "provider.aws",
      "instances": [
        {
          "schema_version": 1,
          "attributes": {
            "arn": "arn:aws:dynamodb:us-east-1:251316246111:table/Rides",
            "attribute": [
              {
                "name": "RideId",
                "type": "S"
              }
            ],
            "billing_mode": "PAY_PER_REQUEST",
            "global_secondary_index": [],
            "hash_key": "RideId",
            "id": "Rides",
            "local_secondary_index": [],
            "name": "Rides",
            "point_in_time_recovery": [
              {
                "enabled": false
              }
            ],
            "range_key": null,
            "read_capacity": 0,
            "replica": [],
            "server_side_encryption": [],
            "stream_arn": "",
            "stream_enabled": false,
            "stream_label": "",
            "stream_view_type": "",
            "tags": {},
            "timeouts": null,
            "ttl": [
              {
                "attribute_name": "",
                "enabled": false
              }
            ],
            "write_capacity": 0
          },
          "private": "eyJlMmJmYjczMC1lY2FhLTExZTYtOGY4OC0zNDM2M2JjN2M0YzAiOnsiY3JlYXRlIjo2MDAwMDAwMDAwMDAsImRlbGV0ZSI6NjAwMDAwMDAwMDAwLCJ1cGRhdGUiOjM2MDAwMDAwMDAwMDB9LCJzY2hlbWFfdmVyc2lvbiI6IjEifQ=="
        }
      ]
    },
    {
      "mode": "managed",
      "type": "aws_iam_role",
      "name": "lambda_role",
      "provider": "provider.aws",
      "instances": [
        {
          "schema_version": 0,
          "attributes": {
            "arn": "arn:aws:iam::251316246111:role/lambda_role20200527213406902900000001",
            "assume_role_policy": "{\"Version\":\"2012-10-17\",\"Statement\":[{\"Effect\":\"Allow\",\"Principal\":{\"Service\":\"lambda.amazonaws.com\"},\"Action\":\"sts:AssumeRole\"}]}",
            "create_date": "2020-05-27T21:34:28Z",
            "description": "",
            "force_detach_policies": false,
            "id": "lambda_role20200527213406902900000001",
            "max_session_duration": 3600,
            "name": "lambda_role20200527213406902900000001",
            "name_prefix": "lambda_role",
            "path": "/",
            "permissions_boundary": null,
            "tags": {},
            "unique_id": "AROATVA45SZP5KYGGKPTH"
          },
          "private": "bnVsbA=="
        }
      ]
    },
    {
      "mode": "managed",
      "type": "aws_iam_role_policy",
      "name": "lambda_role",
      "provider": "provider.aws",
      "instances": [
        {
          "schema_version": 0,
          "attributes": {
            "id": "lambda_role20200527213406902900000001:DynamoDBWriteAccess20200527214449704100000001",
            "name": "DynamoDBWriteAccess20200527214449704100000001",
            "name_prefix": "DynamoDBWriteAccess",
            "policy": "{\n  \"Version\": \"2012-10-17\",\n  \"Statement\": [\n    {\n      \"Effect\": \"Allow\",\n      \"Action\": \"dynamodb:PutItem\",\n      \"Resource\": \"arn:aws:dynamodb:us-east-1:251316246111:table/Rides\"\n    }\n  ]\n}\n",
            "role": "lambda_role20200527213406902900000001"
          },
          "private": "bnVsbA==",
          "dependencies": [
            "aws_dynamodb_table.db",
            "aws_iam_role.lambda_role"
          ]
        }
      ]
    },
    {
      "mode": "managed",
      "type": "aws_iam_role_policy_attachment",
      "name": "lambda_role",
      "provider": "provider.aws",
      "instances": [
        {
          "schema_version": 0,
          "attributes": {
            "id": "lambda_role20200527213406902900000001-20200527214036902900000001",
            "policy_arn": "arn:aws:iam::aws:policy/service-role/AWSLambdaBasicExecutionRole",
            "role": "lambda_role20200527213406902900000001"
          },
          "private": "bnVsbA==",
          "dependencies": [
            "aws_iam_role.lambda_role"
          ]
        }
      ]
    },
    {
      "mode": "managed",
      "type": "aws_lambda_function",
      "name": "lambda",
      "provider": "provider.aws",
      "instances": [
        {
          "schema_version": 0,
          "attributes": {
            "arn": "arn:aws:lambda:us-east-1:251316246111:function:RequestUnicorn",
            "dead_letter_config": [],
            "description": "",
            "environment": [],
            "filename": "./../build/requestUnicorn.zip",
            "function_name": "RequestUnicorn",
            "handler": "exports.handler",
            "id": "RequestUnicorn",
            "invoke_arn": "arn:aws:apigateway:us-east-1:lambda:path/2015-03-31/functions/arn:aws:lambda:us-east-1:251316246111:function:RequestUnicorn/invocations",
            "kms_key_arn": "",
            "last_modified": "2020-05-27T21:54:55.356+0000",
            "layers": null,
            "memory_size": 128,
            "publish": false,
            "qualified_arn": "arn:aws:lambda:us-east-1:251316246111:function:RequestUnicorn:$LATEST",
            "reserved_concurrent_executions": -1,
            "role": "arn:aws:iam::251316246111:role/lambda_role20200527213406902900000001",
            "runtime": "nodejs10.x",
            "s3_bucket": null,
            "s3_key": null,
            "s3_object_version": null,
            "source_code_hash": "NQkS2Sw9LepW2MaZ2ashZVv1Yvo6N3f9HQD4vPIVr24=",
            "source_code_size": 1689,
            "tags": null,
            "timeout": 3,
            "timeouts": null,
            "tracing_config": [
              {
                "mode": "PassThrough"
              }
            ],
            "version": "$LATEST",
            "vpc_config": []
          },
          "private": "eyJlMmJmYjczMC1lY2FhLTExZTYtOGY4OC0zNDM2M2JjN2M0YzAiOnsiY3JlYXRlIjo2MDAwMDAwMDAwMDB9fQ==",
          "dependencies": [
            "aws_iam_role.lambda_role"
          ]
        }
      ]
    },
    {
      "mode": "managed",
      "type": "aws_s3_bucket",
      "name": "bucket",
      "provider": "provider.aws",
      "instances": [
        {
          "schema_version": 0,
          "attributes": {
            "acceleration_status": "",
            "acl": "private",
            "arn": "arn:aws:s3:::serverless-bucket20200527032220566900000001",
            "bucket": "serverless-bucket20200527032220566900000001",
            "bucket_domain_name": "serverless-bucket20200527032220566900000001.s3.amazonaws.com",
            "bucket_prefix": "serverless-bucket",
            "bucket_regional_domain_name": "serverless-bucket20200527032220566900000001.s3.amazonaws.com",
            "cors_rule": [],
            "force_destroy": false,
            "grant": [],
            "hosted_zone_id": "Z3AQBSTGFYJSTF",
            "id": "serverless-bucket20200527032220566900000001",
            "lifecycle_rule": [],
            "logging": [],
            "object_lock_configuration": [],
            "policy": null,
            "region": "us-east-1",
            "replication_configuration": [],
            "request_payer": "BucketOwner",
            "server_side_encryption_configuration": [],
            "tags": {},
            "versioning": [
              {
                "enabled": false,
                "mfa_delete": false
              }
            ],
            "website": [
              {
                "error_document": "",
                "index_document": "index.html",
                "redirect_all_requests_to": "",
                "routing_rules": ""
              }
            ],
            "website_domain": "s3-website-us-east-1.amazonaws.com",
            "website_endpoint": "serverless-bucket20200527032220566900000001.s3-website-us-east-1.amazonaws.com"
          },
          "private": "bnVsbA=="
        }
      ]
    },
    {
      "mode": "managed",
      "type": "aws_s3_bucket_policy",
      "name": "bucket_policy",
      "provider": "provider.aws",
      "instances": [
        {
          "schema_version": 0,
          "attributes": {
            "bucket": "serverless-bucket20200527032220566900000001",
            "id": "serverless-bucket20200527032220566900000001",
            "policy": "{\"Version\":\"2012-10-17\",\"Statement\":[{\"Effect\":\"Allow\",\"Principal\":\"*\",\"Action\":\"s3:GetObject\",\"Resource\":\"arn:aws:s3:::serverless-bucket20200527032220566900000001/*\"}]}"
          },
          "private": "bnVsbA==",
          "dependencies": [
            "aws_s3_bucket.bucket"
          ]
        }
      ]
    },
    {
      "mode": "managed",
      "type": "null_resource",
      "name": "create-endpoint",
      "provider": "provider.null",
      "instances": [
        {
          "schema_version": 0,
          "attributes": {
            "id": "4781053667847534179",
            "triggers": null
          },
          "dependencies": [
            "aws_s3_bucket.bucket"
          ]
        }
      ]
    }
  ]
}
